// !$*UTF8*$!
{
	archiveVersion = 1;
	classes = {
	};
	objectVersion = 50;
	objects = {

/* Begin PBXBuildFile section */
		1F8565192ABCABAC00A3F3B9 /* Date + ext.swift in Sources */ = {isa = PBXBuildFile; fileRef = 1F8565152ABCABAC00A3F3B9 /* Date + ext.swift */; };
		1F85651A2ABCABAC00A3F3B9 /* UIColor + ext.swift in Sources */ = {isa = PBXBuildFile; fileRef = 1F8565162ABCABAC00A3F3B9 /* UIColor + ext.swift */; };
		1F85651B2ABCABAC00A3F3B9 /* UIView + ext.swift in Sources */ = {isa = PBXBuildFile; fileRef = 1F8565172ABCABAC00A3F3B9 /* UIView + ext.swift */; };
		1F85651C2ABCABAC00A3F3B9 /* Resourses.swift in Sources */ = {isa = PBXBuildFile; fileRef = 1F8565182ABCABAC00A3F3B9 /* Resourses.swift */; };
		1F8565222ABCAC0900A3F3B9 /* NavBarController.swift in Sources */ = {isa = PBXBuildFile; fileRef = 1F8565212ABCAC0900A3F3B9 /* NavBarController.swift */; };
		1F8565262ABCAC1900A3F3B9 /* TabBarController.swift in Sources */ = {isa = PBXBuildFile; fileRef = 1F8565252ABCAC1900A3F3B9 /* TabBarController.swift */; };
		1F8565392ABCAD6500A3F3B9 /* OverViewController.swift in Sources */ = {isa = PBXBuildFile; fileRef = 1F8565382ABCAD6500A3F3B9 /* OverViewController.swift */; };
		1F85653C2ABCAD7B00A3F3B9 /* SessionController.swift in Sources */ = {isa = PBXBuildFile; fileRef = 1F85653B2ABCAD7B00A3F3B9 /* SessionController.swift */; };
		1F85653F2ABCADA600A3F3B9 /* ProgressController.swift in Sources */ = {isa = PBXBuildFile; fileRef = 1F85653E2ABCADA600A3F3B9 /* ProgressController.swift */; };
		1F8565422ABCADBE00A3F3B9 /* SettingsController.swift in Sources */ = {isa = PBXBuildFile; fileRef = 1F8565412ABCADBE00A3F3B9 /* SettingsController.swift */; };
		1F8565472ABCAF4100A3F3B9 /* BaseController.swift in Sources */ = {isa = PBXBuildFile; fileRef = 1F8565462ABCAF4100A3F3B9 /* BaseController.swift */; };
		1F85654C2ABCAF6B00A3F3B9 /* BaseView.swift in Sources */ = {isa = PBXBuildFile; fileRef = 1F85654B2ABCAF6B00A3F3B9 /* BaseView.swift */; };
		1F8565502ABCAF8B00A3F3B9 /* WABaseInfoView.swift in Sources */ = {isa = PBXBuildFile; fileRef = 1F85654F2ABCAF8B00A3F3B9 /* WABaseInfoView.swift */; };
		1F8565532ABCAFF200A3F3B9 /* WAButton.swift in Sources */ = {isa = PBXBuildFile; fileRef = 1F8565522ABCAFF200A3F3B9 /* WAButton.swift */; };
		1F8565572ABCB05800A3F3B9 /* OverviewNavBar.swift in Sources */ = {isa = PBXBuildFile; fileRef = 1F8565562ABCB05800A3F3B9 /* OverviewNavBar.swift */; };
		1F85655C2ABCB09B00A3F3B9 /* TraningCellView.swift in Sources */ = {isa = PBXBuildFile; fileRef = 1F85655B2ABCB09B00A3F3B9 /* TraningCellView.swift */; };
		1F8565602ABCB0B300A3F3B9 /* SectionHeaderView.swift in Sources */ = {isa = PBXBuildFile; fileRef = 1F85655F2ABCB0B300A3F3B9 /* SectionHeaderView.swift */; };
		1F8565642ABCB10800A3F3B9 /* WeakView.swift in Sources */ = {isa = PBXBuildFile; fileRef = 1F8565632ABCB10800A3F3B9 /* WeakView.swift */; };
		1F8565672ABCB14700A3F3B9 /* WeakDayView.swift in Sources */ = {isa = PBXBuildFile; fileRef = 1F8565662ABCB14700A3F3B9 /* WeakDayView.swift */; };
		1F8642C12A45924A002ADCFD /* AppDelegate.swift in Sources */ = {isa = PBXBuildFile; fileRef = 1F8642C02A45924A002ADCFD /* AppDelegate.swift */; };
		1F8642C32A45924B002ADCFD /* SceneDelegate.swift in Sources */ = {isa = PBXBuildFile; fileRef = 1F8642C22A45924B002ADCFD /* SceneDelegate.swift */; };
		1F8642CA2A459251002ADCFD /* Assets.xcassets in Resources */ = {isa = PBXBuildFile; fileRef = 1F8642C92A459251002ADCFD /* Assets.xcassets */; };
		1F8642CD2A459251002ADCFD /* LaunchScreen.storyboard in Resources */ = {isa = PBXBuildFile; fileRef = 1F8642CB2A459251002ADCFD /* LaunchScreen.storyboard */; };
/* End PBXBuildFile section */

/* Begin PBXFileReference section */
		1F8565152ABCABAC00A3F3B9 /* Date + ext.swift */ = {isa = PBXFileReference; fileEncoding = 4; lastKnownFileType = sourcecode.swift; path = "Date + ext.swift"; sourceTree = "<group>"; };
		1F8565162ABCABAC00A3F3B9 /* UIColor + ext.swift */ = {isa = PBXFileReference; fileEncoding = 4; lastKnownFileType = sourcecode.swift; path = "UIColor + ext.swift"; sourceTree = "<group>"; };
		1F8565172ABCABAC00A3F3B9 /* UIView + ext.swift */ = {isa = PBXFileReference; fileEncoding = 4; lastKnownFileType = sourcecode.swift; path = "UIView + ext.swift"; sourceTree = "<group>"; };
		1F8565182ABCABAC00A3F3B9 /* Resourses.swift */ = {isa = PBXFileReference; fileEncoding = 4; lastKnownFileType = sourcecode.swift; path = Resourses.swift; sourceTree = "<group>"; };
		1F8565212ABCAC0900A3F3B9 /* NavBarController.swift */ = {isa = PBXFileReference; lastKnownFileType = sourcecode.swift; path = NavBarController.swift; sourceTree = "<group>"; };
		1F8565252ABCAC1900A3F3B9 /* TabBarController.swift */ = {isa = PBXFileReference; lastKnownFileType = sourcecode.swift; path = TabBarController.swift; sourceTree = "<group>"; };
		1F8565382ABCAD6500A3F3B9 /* OverViewController.swift */ = {isa = PBXFileReference; lastKnownFileType = sourcecode.swift; path = OverViewController.swift; sourceTree = "<group>"; };
		1F85653B2ABCAD7B00A3F3B9 /* SessionController.swift */ = {isa = PBXFileReference; lastKnownFileType = sourcecode.swift; path = SessionController.swift; sourceTree = "<group>"; };
		1F85653E2ABCADA600A3F3B9 /* ProgressController.swift */ = {isa = PBXFileReference; lastKnownFileType = sourcecode.swift; path = ProgressController.swift; sourceTree = "<group>"; };
		1F8565412ABCADBE00A3F3B9 /* SettingsController.swift */ = {isa = PBXFileReference; lastKnownFileType = sourcecode.swift; path = SettingsController.swift; sourceTree = "<group>"; };
		1F8565462ABCAF4100A3F3B9 /* BaseController.swift */ = {isa = PBXFileReference; lastKnownFileType = sourcecode.swift; path = BaseController.swift; sourceTree = "<group>"; };
		1F85654B2ABCAF6B00A3F3B9 /* BaseView.swift */ = {isa = PBXFileReference; lastKnownFileType = sourcecode.swift; path = BaseView.swift; sourceTree = "<group>"; };
		1F85654F2ABCAF8B00A3F3B9 /* WABaseInfoView.swift */ = {isa = PBXFileReference; lastKnownFileType = sourcecode.swift; path = WABaseInfoView.swift; sourceTree = "<group>"; };
		1F8565522ABCAFF200A3F3B9 /* WAButton.swift */ = {isa = PBXFileReference; lastKnownFileType = sourcecode.swift; path = WAButton.swift; sourceTree = "<group>"; };
		1F8565562ABCB05800A3F3B9 /* OverviewNavBar.swift */ = {isa = PBXFileReference; lastKnownFileType = sourcecode.swift; path = OverviewNavBar.swift; sourceTree = "<group>"; };
		1F85655B2ABCB09B00A3F3B9 /* TraningCellView.swift */ = {isa = PBXFileReference; lastKnownFileType = sourcecode.swift; path = TraningCellView.swift; sourceTree = "<group>"; };
		1F85655F2ABCB0B300A3F3B9 /* SectionHeaderView.swift */ = {isa = PBXFileReference; lastKnownFileType = sourcecode.swift; path = SectionHeaderView.swift; sourceTree = "<group>"; };
		1F8565632ABCB10800A3F3B9 /* WeakView.swift */ = {isa = PBXFileReference; lastKnownFileType = sourcecode.swift; path = WeakView.swift; sourceTree = "<group>"; };
		1F8565662ABCB14700A3F3B9 /* WeakDayView.swift */ = {isa = PBXFileReference; lastKnownFileType = sourcecode.swift; path = WeakDayView.swift; sourceTree = "<group>"; };
		1F8642BD2A45924A002ADCFD /* FitTrain.app */ = {isa = PBXFileReference; explicitFileType = wrapper.application; includeInIndex = 0; path = FitTrain.app; sourceTree = BUILT_PRODUCTS_DIR; };
		1F8642C02A45924A002ADCFD /* AppDelegate.swift */ = {isa = PBXFileReference; lastKnownFileType = sourcecode.swift; path = AppDelegate.swift; sourceTree = "<group>"; };
		1F8642C22A45924B002ADCFD /* SceneDelegate.swift */ = {isa = PBXFileReference; lastKnownFileType = sourcecode.swift; path = SceneDelegate.swift; sourceTree = "<group>"; };
		1F8642C92A459251002ADCFD /* Assets.xcassets */ = {isa = PBXFileReference; lastKnownFileType = folder.assetcatalog; path = Assets.xcassets; sourceTree = "<group>"; };
		1F8642CC2A459251002ADCFD /* Base */ = {isa = PBXFileReference; lastKnownFileType = file.storyboard; name = Base; path = Base.lproj/LaunchScreen.storyboard; sourceTree = "<group>"; };
		1F8642CE2A459251002ADCFD /* Info.plist */ = {isa = PBXFileReference; lastKnownFileType = text.plist.xml; path = Info.plist; sourceTree = "<group>"; };
/* End PBXFileReference section */

/* Begin PBXFrameworksBuildPhase section */
		1F8642BA2A45924A002ADCFD /* Frameworks */ = {
			isa = PBXFrameworksBuildPhase;
			buildActionMask = 2147483647;
			files = (
			);
			runOnlyForDeploymentPostprocessing = 0;
		};
/* End PBXFrameworksBuildPhase section */

/* Begin PBXGroup section */
		1F8565132ABCABAC00A3F3B9 /* Helpers */ = {
			isa = PBXGroup;
			children = (
				1F8565142ABCABAC00A3F3B9 /* Extension */,
				1F8565182ABCABAC00A3F3B9 /* Resourses.swift */,
			);
			path = Helpers;
			sourceTree = "<group>";
		};
		1F8565142ABCABAC00A3F3B9 /* Extension */ = {
			isa = PBXGroup;
			children = (
				1F8565152ABCABAC00A3F3B9 /* Date + ext.swift */,
				1F8565162ABCABAC00A3F3B9 /* UIColor + ext.swift */,
				1F8565172ABCABAC00A3F3B9 /* UIView + ext.swift */,
			);
			path = Extension;
			sourceTree = "<group>";
		};
		1F85651E2ABCABBF00A3F3B9 /* Navigation */ = {
			isa = PBXGroup;
			children = (
				1F8565202ABCABEF00A3F3B9 /* NavBar */,
				1F85651F2ABCABE000A3F3B9 /* TabBar */,
			);
			path = Navigation;
			sourceTree = "<group>";
		};
		1F85651F2ABCABE000A3F3B9 /* TabBar */ = {
			isa = PBXGroup;
			children = (
				1F8565252ABCAC1900A3F3B9 /* TabBarController.swift */,
			);
			path = TabBar;
			sourceTree = "<group>";
		};
		1F8565202ABCABEF00A3F3B9 /* NavBar */ = {
			isa = PBXGroup;
			children = (
				1F8565212ABCAC0900A3F3B9 /* NavBarController.swift */,
			);
			path = NavBar;
			sourceTree = "<group>";
		};
		1F8565282ABCACD300A3F3B9 /* SettingsScreen */ = {
			isa = PBXGroup;
			children = (
				1F8565372ABCAD3300A3F3B9 /* Model */,
				1F8565352ABCAD3300A3F3B9 /* View */,
				1F8565362ABCAD3300A3F3B9 /* ViewModel */,
			);
			path = SettingsScreen;
			sourceTree = "<group>";
		};
		1F8565292ABCACDE00A3F3B9 /* ProgressScreen */ = {
			isa = PBXGroup;
			children = (
				1F8565322ABCAD3000A3F3B9 /* Model */,
				1F8565332ABCAD3000A3F3B9 /* View */,
				1F8565342ABCAD3000A3F3B9 /* ViewModel */,
			);
			path = ProgressScreen;
			sourceTree = "<group>";
		};
		1F85652A2ABCACF000A3F3B9 /* SessionScreen */ = {
			isa = PBXGroup;
			children = (
				1F8565312ABCAD2C00A3F3B9 /* Model */,
				1F8565302ABCAD2C00A3F3B9 /* View */,
				1F85652F2ABCAD2C00A3F3B9 /* ViewModel */,
			);
			path = SessionScreen;
			sourceTree = "<group>";
		};
		1F85652B2ABCACFC00A3F3B9 /* OverviewScreen */ = {
			isa = PBXGroup;
			children = (
				1F85652E2ABCAD2100A3F3B9 /* Model */,
				1F85652D2ABCAD1C00A3F3B9 /* View */,
				1F85652C2ABCAD1400A3F3B9 /* ViewModel */,
			);
			path = OverviewScreen;
			sourceTree = "<group>";
		};
		1F85652C2ABCAD1400A3F3B9 /* ViewModel */ = {
			isa = PBXGroup;
			children = (
			);
			path = ViewModel;
			sourceTree = "<group>";
		};
		1F85652D2ABCAD1C00A3F3B9 /* View */ = {
			isa = PBXGroup;
			children = (
				1F8565622ABCB0F500A3F3B9 /* Calendar */,
				1F8565592ABCB07C00A3F3B9 /* CollectionView */,
				1F8565382ABCAD6500A3F3B9 /* OverViewController.swift */,
				1F8565562ABCB05800A3F3B9 /* OverviewNavBar.swift */,
			);
			path = View;
			sourceTree = "<group>";
		};
		1F85652E2ABCAD2100A3F3B9 /* Model */ = {
			isa = PBXGroup;
			children = (
			);
			path = Model;
			sourceTree = "<group>";
		};
		1F85652F2ABCAD2C00A3F3B9 /* ViewModel */ = {
			isa = PBXGroup;
			children = (
			);
			path = ViewModel;
			sourceTree = "<group>";
		};
		1F8565302ABCAD2C00A3F3B9 /* View */ = {
			isa = PBXGroup;
			children = (
				1F85653B2ABCAD7B00A3F3B9 /* SessionController.swift */,
			);
			path = View;
			sourceTree = "<group>";
		};
		1F8565312ABCAD2C00A3F3B9 /* Model */ = {
			isa = PBXGroup;
			children = (
			);
			path = Model;
			sourceTree = "<group>";
		};
		1F8565322ABCAD3000A3F3B9 /* Model */ = {
			isa = PBXGroup;
			children = (
			);
			path = Model;
			sourceTree = "<group>";
		};
		1F8565332ABCAD3000A3F3B9 /* View */ = {
			isa = PBXGroup;
			children = (
				1F85653E2ABCADA600A3F3B9 /* ProgressController.swift */,
			);
			path = View;
			sourceTree = "<group>";
		};
		1F8565342ABCAD3000A3F3B9 /* ViewModel */ = {
			isa = PBXGroup;
			children = (
			);
			path = ViewModel;
			sourceTree = "<group>";
		};
		1F8565352ABCAD3300A3F3B9 /* View */ = {
			isa = PBXGroup;
			children = (
				1F8565412ABCADBE00A3F3B9 /* SettingsController.swift */,
			);
			path = View;
			sourceTree = "<group>";
		};
		1F8565362ABCAD3300A3F3B9 /* ViewModel */ = {
			isa = PBXGroup;
			children = (
			);
			path = ViewModel;
			sourceTree = "<group>";
		};
		1F8565372ABCAD3300A3F3B9 /* Model */ = {
			isa = PBXGroup;
			children = (
			);
			path = Model;
			sourceTree = "<group>";
		};
		1F8565442ABCAF0D00A3F3B9 /* BaseSettings */ = {
			isa = PBXGroup;
			children = (
				1F8565452ABCAF2C00A3F3B9 /* ViewSettings */,
				1F8565522ABCAFF200A3F3B9 /* WAButton.swift */,
			);
			path = BaseSettings;
			sourceTree = "<group>";
		};
		1F8565452ABCAF2C00A3F3B9 /* ViewSettings */ = {
			isa = PBXGroup;
			children = (
				1F8565462ABCAF4100A3F3B9 /* BaseController.swift */,
				1F85654B2ABCAF6B00A3F3B9 /* BaseView.swift */,
				1F85654F2ABCAF8B00A3F3B9 /* WABaseInfoView.swift */,
			);
			path = ViewSettings;
			sourceTree = "<group>";
		};
		1F8565592ABCB07C00A3F3B9 /* CollectionView */ = {
			isa = PBXGroup;
			children = (
				1F85655A2ABCB08D00A3F3B9 /* Cell */,
				1F85655B2ABCB09B00A3F3B9 /* TraningCellView.swift */,
			);
			path = CollectionView;
			sourceTree = "<group>";
		};
		1F85655A2ABCB08D00A3F3B9 /* Cell */ = {
			isa = PBXGroup;
			children = (
				1F85655F2ABCB0B300A3F3B9 /* SectionHeaderView.swift */,
			);
			path = Cell;
			sourceTree = "<group>";
		};
		1F8565622ABCB0F500A3F3B9 /* Calendar */ = {
			isa = PBXGroup;
			children = (
				1F8565632ABCB10800A3F3B9 /* WeakView.swift */,
				1F8565662ABCB14700A3F3B9 /* WeakDayView.swift */,
			);
			path = Calendar;
			sourceTree = "<group>";
		};
		1F8642B42A45924A002ADCFD = {
			isa = PBXGroup;
			children = (
				1F8642BF2A45924A002ADCFD /* FitTrain */,
				1F8642BE2A45924A002ADCFD /* Products */,
			);
			sourceTree = "<group>";
		};
		1F8642BE2A45924A002ADCFD /* Products */ = {
			isa = PBXGroup;
			children = (
				1F8642BD2A45924A002ADCFD /* FitTrain.app */,
			);
			name = Products;
			sourceTree = "<group>";
		};
		1F8642BF2A45924A002ADCFD /* FitTrain */ = {
			isa = PBXGroup;
			children = (
				1F85652B2ABCACFC00A3F3B9 /* OverviewScreen */,
				1F85652A2ABCACF000A3F3B9 /* SessionScreen */,
				1F8565292ABCACDE00A3F3B9 /* ProgressScreen */,
				1F8565282ABCACD300A3F3B9 /* SettingsScreen */,
				1F85651E2ABCABBF00A3F3B9 /* Navigation */,
				1F8565132ABCABAC00A3F3B9 /* Helpers */,
				1F8565442ABCAF0D00A3F3B9 /* BaseSettings */,
				1F8642D72A4592CE002ADCFD /* Aplication */,
				1F8642DE2A459389002ADCFD /* SupportingFiles */,
			);
			path = FitTrain;
			sourceTree = "<group>";
		};
		1F8642D72A4592CE002ADCFD /* Aplication */ = {
			isa = PBXGroup;
			children = (
				1F8642C02A45924A002ADCFD /* AppDelegate.swift */,
				1F8642C22A45924B002ADCFD /* SceneDelegate.swift */,
			);
			path = Aplication;
			sourceTree = "<group>";
		};
		1F8642DE2A459389002ADCFD /* SupportingFiles */ = {
			isa = PBXGroup;
			children = (
				1F8642CB2A459251002ADCFD /* LaunchScreen.storyboard */,
				1F8642C92A459251002ADCFD /* Assets.xcassets */,
				1F8642CE2A459251002ADCFD /* Info.plist */,
			);
			path = SupportingFiles;
			sourceTree = "<group>";
		};
/* End PBXGroup section */

/* Begin PBXNativeTarget section */
		1F8642BC2A45924A002ADCFD /* FitTrain */ = {
			isa = PBXNativeTarget;
			buildConfigurationList = 1F8642D12A459251002ADCFD /* Build configuration list for PBXNativeTarget "FitTrain" */;
			buildPhases = (
				1F8642B92A45924A002ADCFD /* Sources */,
				1F8642BA2A45924A002ADCFD /* Frameworks */,
				1F8642BB2A45924A002ADCFD /* Resources */,
			);
			buildRules = (
			);
			dependencies = (
			);
			name = FitTrain;
			productName = FitTrain;
			productReference = 1F8642BD2A45924A002ADCFD /* FitTrain.app */;
			productType = "com.apple.product-type.application";
		};
/* End PBXNativeTarget section */

/* Begin PBXProject section */
		1F8642B52A45924A002ADCFD /* Project object */ = {
			isa = PBXProject;
			attributes = {
				LastSwiftUpdateCheck = 1240;
				LastUpgradeCheck = 1240;
				TargetAttributes = {
					1F8642BC2A45924A002ADCFD = {
						CreatedOnToolsVersion = 12.4;
					};
				};
			};
			buildConfigurationList = 1F8642B82A45924A002ADCFD /* Build configuration list for PBXProject "FitTrain" */;
			compatibilityVersion = "Xcode 9.3";
			developmentRegion = en;
			hasScannedForEncodings = 0;
			knownRegions = (
				en,
				Base,
			);
			mainGroup = 1F8642B42A45924A002ADCFD;
			productRefGroup = 1F8642BE2A45924A002ADCFD /* Products */;
			projectDirPath = "";
			projectRoot = "";
			targets = (
				1F8642BC2A45924A002ADCFD /* FitTrain */,
			);
		};
/* End PBXProject section */

/* Begin PBXResourcesBuildPhase section */
		1F8642BB2A45924A002ADCFD /* Resources */ = {
			isa = PBXResourcesBuildPhase;
			buildActionMask = 2147483647;
			files = (
				1F8642CD2A459251002ADCFD /* LaunchScreen.storyboard in Resources */,
				1F8642CA2A459251002ADCFD /* Assets.xcassets in Resources */,
			);
			runOnlyForDeploymentPostprocessing = 0;
		};
/* End PBXResourcesBuildPhase section */

/* Begin PBXSourcesBuildPhase section */
		1F8642B92A45924A002ADCFD /* Sources */ = {
			isa = PBXSourcesBuildPhase;
			buildActionMask = 2147483647;
			files = (
				1F8565422ABCADBE00A3F3B9 /* SettingsController.swift in Sources */,
				1F8565392ABCAD6500A3F3B9 /* OverViewController.swift in Sources */,
				1F85655C2ABCB09B00A3F3B9 /* TraningCellView.swift in Sources */,
				1F8565572ABCB05800A3F3B9 /* OverviewNavBar.swift in Sources */,
				1F8642C12A45924A002ADCFD /* AppDelegate.swift in Sources */,
				1F8565472ABCAF4100A3F3B9 /* BaseController.swift in Sources */,
				1F8565262ABCAC1900A3F3B9 /* TabBarController.swift in Sources */,
				1F8565192ABCABAC00A3F3B9 /* Date + ext.swift in Sources */,
				1F85653C2ABCAD7B00A3F3B9 /* SessionController.swift in Sources */,
				1F8565602ABCB0B300A3F3B9 /* SectionHeaderView.swift in Sources */,
				1F85653F2ABCADA600A3F3B9 /* ProgressController.swift in Sources */,
				1F8642C32A45924B002ADCFD /* SceneDelegate.swift in Sources */,
				1F8565642ABCB10800A3F3B9 /* WeakView.swift in Sources */,
				1F8565222ABCAC0900A3F3B9 /* NavBarController.swift in Sources */,
				1F8565672ABCB14700A3F3B9 /* WeakDayView.swift in Sources */,
				1F85651C2ABCABAC00A3F3B9 /* Resourses.swift in Sources */,
				1F85654C2ABCAF6B00A3F3B9 /* BaseView.swift in Sources */,
				1F85651A2ABCABAC00A3F3B9 /* UIColor + ext.swift in Sources */,
				1F8565532ABCAFF200A3F3B9 /* WAButton.swift in Sources */,
				1F85651B2ABCABAC00A3F3B9 /* UIView + ext.swift in Sources */,
				1F8565502ABCAF8B00A3F3B9 /* WABaseInfoView.swift in Sources */,
			);
			runOnlyForDeploymentPostprocessing = 0;
		};
/* End PBXSourcesBuildPhase section */

/* Begin PBXVariantGroup section */
		1F8642CB2A459251002ADCFD /* LaunchScreen.storyboard */ = {
			isa = PBXVariantGroup;
			children = (
				1F8642CC2A459251002ADCFD /* Base */,
			);
			name = LaunchScreen.storyboard;
			sourceTree = "<group>";
		};
/* End PBXVariantGroup section */

/* Begin XCBuildConfiguration section */
		1F8642CF2A459251002ADCFD /* Debug */ = {
			isa = XCBuildConfiguration;
			buildSettings = {
				ALWAYS_SEARCH_USER_PATHS = NO;
				CLANG_ANALYZER_NONNULL = YES;
				CLANG_ANALYZER_NUMBER_OBJECT_CONVERSION = YES_AGGRESSIVE;
				CLANG_CXX_LANGUAGE_STANDARD = "gnu++14";
				CLANG_CXX_LIBRARY = "libc++";
				CLANG_ENABLE_MODULES = YES;
				CLANG_ENABLE_OBJC_ARC = YES;
				CLANG_ENABLE_OBJC_WEAK = YES;
				CLANG_WARN_BLOCK_CAPTURE_AUTORELEASING = YES;
				CLANG_WARN_BOOL_CONVERSION = YES;
				CLANG_WARN_COMMA = YES;
				CLANG_WARN_CONSTANT_CONVERSION = YES;
				CLANG_WARN_DEPRECATED_OBJC_IMPLEMENTATIONS = YES;
				CLANG_WARN_DIRECT_OBJC_ISA_USAGE = YES_ERROR;
				CLANG_WARN_DOCUMENTATION_COMMENTS = YES;
				CLANG_WARN_EMPTY_BODY = YES;
				CLANG_WARN_ENUM_CONVERSION = YES;
				CLANG_WARN_INFINITE_RECURSION = YES;
				CLANG_WARN_INT_CONVERSION = YES;
				CLANG_WARN_NON_LITERAL_NULL_CONVERSION = YES;
				CLANG_WARN_OBJC_IMPLICIT_RETAIN_SELF = YES;
				CLANG_WARN_OBJC_LITERAL_CONVERSION = YES;
				CLANG_WARN_OBJC_ROOT_CLASS = YES_ERROR;
				CLANG_WARN_QUOTED_INCLUDE_IN_FRAMEWORK_HEADER = YES;
				CLANG_WARN_RANGE_LOOP_ANALYSIS = YES;
				CLANG_WARN_STRICT_PROTOTYPES = YES;
				CLANG_WARN_SUSPICIOUS_MOVE = YES;
				CLANG_WARN_UNGUARDED_AVAILABILITY = YES_AGGRESSIVE;
				CLANG_WARN_UNREACHABLE_CODE = YES;
				CLANG_WARN__DUPLICATE_METHOD_MATCH = YES;
				COPY_PHASE_STRIP = NO;
				DEBUG_INFORMATION_FORMAT = dwarf;
				ENABLE_STRICT_OBJC_MSGSEND = YES;
				ENABLE_TESTABILITY = YES;
				GCC_C_LANGUAGE_STANDARD = gnu11;
				GCC_DYNAMIC_NO_PIC = NO;
				GCC_NO_COMMON_BLOCKS = YES;
				GCC_OPTIMIZATION_LEVEL = 0;
				GCC_PREPROCESSOR_DEFINITIONS = (
					"DEBUG=1",
					"$(inherited)",
				);
				GCC_WARN_64_TO_32_BIT_CONVERSION = YES;
				GCC_WARN_ABOUT_RETURN_TYPE = YES_ERROR;
				GCC_WARN_UNDECLARED_SELECTOR = YES;
				GCC_WARN_UNINITIALIZED_AUTOS = YES_AGGRESSIVE;
				GCC_WARN_UNUSED_FUNCTION = YES;
				GCC_WARN_UNUSED_VARIABLE = YES;
				IPHONEOS_DEPLOYMENT_TARGET = 14.4;
				MTL_ENABLE_DEBUG_INFO = INCLUDE_SOURCE;
				MTL_FAST_MATH = YES;
				ONLY_ACTIVE_ARCH = YES;
				SDKROOT = iphoneos;
				SWIFT_ACTIVE_COMPILATION_CONDITIONS = DEBUG;
				SWIFT_OPTIMIZATION_LEVEL = "-Onone";
			};
			name = Debug;
		};
		1F8642D02A459251002ADCFD /* Release */ = {
			isa = XCBuildConfiguration;
			buildSettings = {
				ALWAYS_SEARCH_USER_PATHS = NO;
				CLANG_ANALYZER_NONNULL = YES;
				CLANG_ANALYZER_NUMBER_OBJECT_CONVERSION = YES_AGGRESSIVE;
				CLANG_CXX_LANGUAGE_STANDARD = "gnu++14";
				CLANG_CXX_LIBRARY = "libc++";
				CLANG_ENABLE_MODULES = YES;
				CLANG_ENABLE_OBJC_ARC = YES;
				CLANG_ENABLE_OBJC_WEAK = YES;
				CLANG_WARN_BLOCK_CAPTURE_AUTORELEASING = YES;
				CLANG_WARN_BOOL_CONVERSION = YES;
				CLANG_WARN_COMMA = YES;
				CLANG_WARN_CONSTANT_CONVERSION = YES;
				CLANG_WARN_DEPRECATED_OBJC_IMPLEMENTATIONS = YES;
				CLANG_WARN_DIRECT_OBJC_ISA_USAGE = YES_ERROR;
				CLANG_WARN_DOCUMENTATION_COMMENTS = YES;
				CLANG_WARN_EMPTY_BODY = YES;
				CLANG_WARN_ENUM_CONVERSION = YES;
				CLANG_WARN_INFINITE_RECURSION = YES;
				CLANG_WARN_INT_CONVERSION = YES;
				CLANG_WARN_NON_LITERAL_NULL_CONVERSION = YES;
				CLANG_WARN_OBJC_IMPLICIT_RETAIN_SELF = YES;
				CLANG_WARN_OBJC_LITERAL_CONVERSION = YES;
				CLANG_WARN_OBJC_ROOT_CLASS = YES_ERROR;
				CLANG_WARN_QUOTED_INCLUDE_IN_FRAMEWORK_HEADER = YES;
				CLANG_WARN_RANGE_LOOP_ANALYSIS = YES;
				CLANG_WARN_STRICT_PROTOTYPES = YES;
				CLANG_WARN_SUSPICIOUS_MOVE = YES;
				CLANG_WARN_UNGUARDED_AVAILABILITY = YES_AGGRESSIVE;
				CLANG_WARN_UNREACHABLE_CODE = YES;
				CLANG_WARN__DUPLICATE_METHOD_MATCH = YES;
				COPY_PHASE_STRIP = NO;
				DEBUG_INFORMATION_FORMAT = "dwarf-with-dsym";
				ENABLE_NS_ASSERTIONS = NO;
				ENABLE_STRICT_OBJC_MSGSEND = YES;
				GCC_C_LANGUAGE_STANDARD = gnu11;
				GCC_NO_COMMON_BLOCKS = YES;
				GCC_WARN_64_TO_32_BIT_CONVERSION = YES;
				GCC_WARN_ABOUT_RETURN_TYPE = YES_ERROR;
				GCC_WARN_UNDECLARED_SELECTOR = YES;
				GCC_WARN_UNINITIALIZED_AUTOS = YES_AGGRESSIVE;
				GCC_WARN_UNUSED_FUNCTION = YES;
				GCC_WARN_UNUSED_VARIABLE = YES;
				IPHONEOS_DEPLOYMENT_TARGET = 14.4;
				MTL_ENABLE_DEBUG_INFO = NO;
				MTL_FAST_MATH = YES;
				SDKROOT = iphoneos;
				SWIFT_COMPILATION_MODE = wholemodule;
				SWIFT_OPTIMIZATION_LEVEL = "-O";
				VALIDATE_PRODUCT = YES;
			};
			name = Release;
		};
		1F8642D22A459251002ADCFD /* Debug */ = {
			isa = XCBuildConfiguration;
			buildSettings = {
				ASSETCATALOG_COMPILER_APPICON_NAME = AppIcon;
				ASSETCATALOG_COMPILER_GLOBAL_ACCENT_COLOR_NAME = AccentColor;
				CODE_SIGN_STYLE = Automatic;
				DEVELOPMENT_TEAM = 297SKCV5LZ;
				INFOPLIST_FILE = FitTrain/SupportingFiles/Info.plist;
				LD_RUNPATH_SEARCH_PATHS = (
					"$(inherited)",
					"@executable_path/Frameworks",
				);
				PRODUCT_BUNDLE_IDENTIFIER = keqfqkfkbq.FitTrain;
				PRODUCT_NAME = "$(TARGET_NAME)";
				SWIFT_VERSION = 5.0;
				TARGETED_DEVICE_FAMILY = "1,2";
			};
			name = Debug;
		};
		1F8642D32A459251002ADCFD /* Release */ = {
			isa = XCBuildConfiguration;
			buildSettings = {
				ASSETCATALOG_COMPILER_APPICON_NAME = AppIcon;
				ASSETCATALOG_COMPILER_GLOBAL_ACCENT_COLOR_NAME = AccentColor;
				CODE_SIGN_STYLE = Automatic;
				DEVELOPMENT_TEAM = 297SKCV5LZ;
				INFOPLIST_FILE = FitTrain/SupportingFiles/Info.plist;
				LD_RUNPATH_SEARCH_PATHS = (
					"$(inherited)",
					"@executable_path/Frameworks",
				);
				PRODUCT_BUNDLE_IDENTIFIER = keqfqkfkbq.FitTrain;
				PRODUCT_NAME = "$(TARGET_NAME)";
				SWIFT_VERSION = 5.0;
				TARGETED_DEVICE_FAMILY = "1,2";
			};
			name = Release;
		};
/* End XCBuildConfiguration section */

/* Begin XCConfigurationList section */
		1F8642B82A45924A002ADCFD /* Build configuration list for PBXProject "FitTrain" */ = {
			isa = XCConfigurationList;
			buildConfigurations = (
				1F8642CF2A459251002ADCFD /* Debug */,
				1F8642D02A459251002ADCFD /* Release */,
			);
			defaultConfigurationIsVisible = 0;
			defaultConfigurationName = Release;
		};
		1F8642D12A459251002ADCFD /* Build configuration list for PBXNativeTarget "FitTrain" */ = {
			isa = XCConfigurationList;
			buildConfigurations = (
				1F8642D22A459251002ADCFD /* Debug */,
				1F8642D32A459251002ADCFD /* Release */,
			);
			defaultConfigurationIsVisible = 0;
			defaultConfigurationName = Release;
		};
/* End XCConfigurationList section */
	};
	rootObject = 1F8642B52A45924A002ADCFD /* Project object */;
}
